
Microsoft Visual Studio Solution File, Format Version 12.00
# Visual Studio 15
VisualStudioVersion = 15.0.28307.421
MinimumVisualStudioVersion = 10.0.40219.1
Project("{FAE04EC0-301F-11D3-BF4B-00C04F79EFBC}") = "Recognition of digital letters", "Recognition of digital letters\Recognition of digital letters.csproj", "{DC5903A0-F3CA-4801-B43A-39E761E08577}"
EndProject
Global
	GlobalSection(SolutionConfigurationPlatforms) = preSolution
		Debug|Any CPU = Debug|Any CPU
		Release|Any CPU = Release|Any CPU
	EndGlobalSection
	GlobalSection(ProjectConfigurationPlatforms) = postSolution
		{DC5903A0-F3CA-4801-B43A-39E761E08577}.Debug|Any CPU.ActiveCfg = Debug|Any CPU
		{DC5903A0-F3CA-4801-B43A-39E761E08577}.Debug|Any CPU.Build.0 = Debug|Any CPU
		{DC5903A0-F3CA-4801-B43A-39E761E08577}.Release|Any CPU.ActiveCfg = Release|Any CPU
		{DC5903A0-F3CA-4801-B43A-39E761E08577}.Release|Any CPU.Build.0 = Release|Any CPU
	EndGlobalSection
	GlobalSection(SolutionProperties) = preSolution
		HideSolutionNode = FALSE
	EndGlobalSection
	GlobalSection(ExtensibilityGlobals) = postSolution
		SolutionGuid = {FC1DD02D-E4BB-4272-9943-64309BF97DE8}
	EndGlobalSection
EndGlobal
